// !$*UTF8*$!
{
	archiveVersion = 1;
	classes = {
	};
	objectVersion = 55;
	objects = {

/* Begin PBXBuildFile section */
		186C079027B23CCF00D2EE8D /* AppDelegate.swift in Sources */ = {isa = PBXBuildFile; fileRef = 186C078F27B23CCF00D2EE8D /* AppDelegate.swift */; };
		186C079227B23CCF00D2EE8D /* SceneDelegate.swift in Sources */ = {isa = PBXBuildFile; fileRef = 186C079127B23CCF00D2EE8D /* SceneDelegate.swift */; };
		186C079427B23CCF00D2EE8D /* ViewController.swift in Sources */ = {isa = PBXBuildFile; fileRef = 186C079327B23CCF00D2EE8D /* ViewController.swift */; };
		186C079727B23CCF00D2EE8D /* Main.storyboard in Resources */ = {isa = PBXBuildFile; fileRef = 186C079527B23CCF00D2EE8D /* Main.storyboard */; };
		186C079927B23CD000D2EE8D /* Assets.xcassets in Resources */ = {isa = PBXBuildFile; fileRef = 186C079827B23CD000D2EE8D /* Assets.xcassets */; };
		186C079C27B23CD000D2EE8D /* LaunchScreen.storyboard in Resources */ = {isa = PBXBuildFile; fileRef = 186C079A27B23CD000D2EE8D /* LaunchScreen.storyboard */; };
		186C07A827B2453D00D2EE8D /* Food.swift in Sources */ = {isa = PBXBuildFile; fileRef = 186C07A727B2453D00D2EE8D /* Food.swift */; };
		186C07AA27B2639500D2EE8D /* FoodContentView.xib in Resources */ = {isa = PBXBuildFile; fileRef = 186C07A927B2639500D2EE8D /* FoodContentView.xib */; };
		186C07B127B2650700D2EE8D /* FoodContentView.swift in Sources */ = {isa = PBXBuildFile; fileRef = 186C07B027B2650700D2EE8D /* FoodContentView.swift */; };
		186C07B327B2652500D2EE8D /* SuperView.swift in Sources */ = {isa = PBXBuildFile; fileRef = 186C07B227B2652500D2EE8D /* SuperView.swift */; };
		322E8A2B6E326971DC2755C9 /* Pods_FoodyCookBook.framework in Frameworks */ = {isa = PBXBuildFile; fileRef = 719C2C3C9CAF0DF178D66B08 /* Pods_FoodyCookBook.framework */; };
/* End PBXBuildFile section */

/* Begin PBXFileReference section */
		186C078C27B23CCF00D2EE8D /* FoodyCookBook.app */ = {isa = PBXFileReference; explicitFileType = wrapper.application; includeInIndex = 0; path = FoodyCookBook.app; sourceTree = BUILT_PRODUCTS_DIR; };
		186C078F27B23CCF00D2EE8D /* AppDelegate.swift */ = {isa = PBXFileReference; lastKnownFileType = sourcecode.swift; path = AppDelegate.swift; sourceTree = "<group>"; };
		186C079127B23CCF00D2EE8D /* SceneDelegate.swift */ = {isa = PBXFileReference; lastKnownFileType = sourcecode.swift; path = SceneDelegate.swift; sourceTree = "<group>"; };
		186C079327B23CCF00D2EE8D /* ViewController.swift */ = {isa = PBXFileReference; lastKnownFileType = sourcecode.swift; path = ViewController.swift; sourceTree = "<group>"; };
		186C079627B23CCF00D2EE8D /* Base */ = {isa = PBXFileReference; lastKnownFileType = file.storyboard; name = Base; path = Base.lproj/Main.storyboard; sourceTree = "<group>"; };
		186C079827B23CD000D2EE8D /* Assets.xcassets */ = {isa = PBXFileReference; lastKnownFileType = folder.assetcatalog; path = Assets.xcassets; sourceTree = "<group>"; };
		186C079B27B23CD000D2EE8D /* Base */ = {isa = PBXFileReference; lastKnownFileType = file.storyboard; name = Base; path = Base.lproj/LaunchScreen.storyboard; sourceTree = "<group>"; };
		186C079D27B23CD000D2EE8D /* Info.plist */ = {isa = PBXFileReference; lastKnownFileType = text.plist.xml; path = Info.plist; sourceTree = "<group>"; };
		186C07A727B2453D00D2EE8D /* Food.swift */ = {isa = PBXFileReference; lastKnownFileType = sourcecode.swift; path = Food.swift; sourceTree = "<group>"; };
		186C07A927B2639500D2EE8D /* FoodContentView.xib */ = {isa = PBXFileReference; lastKnownFileType = file.xib; path = FoodContentView.xib; sourceTree = "<group>"; };
		186C07B027B2650700D2EE8D /* FoodContentView.swift */ = {isa = PBXFileReference; lastKnownFileType = sourcecode.swift; path = FoodContentView.swift; sourceTree = "<group>"; };
		186C07B227B2652500D2EE8D /* SuperView.swift */ = {isa = PBXFileReference; lastKnownFileType = sourcecode.swift; path = SuperView.swift; sourceTree = "<group>"; };
		719C2C3C9CAF0DF178D66B08 /* Pods_FoodyCookBook.framework */ = {isa = PBXFileReference; explicitFileType = wrapper.framework; includeInIndex = 0; path = Pods_FoodyCookBook.framework; sourceTree = BUILT_PRODUCTS_DIR; };
		836721C60BF6679ED57E643D /* Pods-FoodyCookBook.debug.xcconfig */ = {isa = PBXFileReference; includeInIndex = 1; lastKnownFileType = text.xcconfig; name = "Pods-FoodyCookBook.debug.xcconfig"; path = "Target Support Files/Pods-FoodyCookBook/Pods-FoodyCookBook.debug.xcconfig"; sourceTree = "<group>"; };
		B118F46134714969FB121416 /* Pods-FoodyCookBook.release.xcconfig */ = {isa = PBXFileReference; includeInIndex = 1; lastKnownFileType = text.xcconfig; name = "Pods-FoodyCookBook.release.xcconfig"; path = "Target Support Files/Pods-FoodyCookBook/Pods-FoodyCookBook.release.xcconfig"; sourceTree = "<group>"; };
/* End PBXFileReference section */

/* Begin PBXFrameworksBuildPhase section */
		186C078927B23CCF00D2EE8D /* Frameworks */ = {
			isa = PBXFrameworksBuildPhase;
			buildActionMask = 2147483647;
			files = (
				322E8A2B6E326971DC2755C9 /* Pods_FoodyCookBook.framework in Frameworks */,
			);
			runOnlyForDeploymentPostprocessing = 0;
		};
/* End PBXFrameworksBuildPhase section */

/* Begin PBXGroup section */
		0DA6B919A03181DE1DB080B1 /* Pods */ = {
			isa = PBXGroup;
			children = (
				836721C60BF6679ED57E643D /* Pods-FoodyCookBook.debug.xcconfig */,
				B118F46134714969FB121416 /* Pods-FoodyCookBook.release.xcconfig */,
			);
			path = Pods;
			sourceTree = "<group>";
		};
		186C078327B23CCE00D2EE8D = {
			isa = PBXGroup;
			children = (
				186C078E27B23CCF00D2EE8D /* FoodyCookBook */,
				186C078D27B23CCF00D2EE8D /* Products */,
				0DA6B919A03181DE1DB080B1 /* Pods */,
				BC7920D03594F036ED737AF3 /* Frameworks */,
			);
			sourceTree = "<group>";
		};
		186C078D27B23CCF00D2EE8D /* Products */ = {
			isa = PBXGroup;
			children = (
				186C078C27B23CCF00D2EE8D /* FoodyCookBook.app */,
			);
			name = Products;
			sourceTree = "<group>";
		};
		186C078E27B23CCF00D2EE8D /* FoodyCookBook */ = {
			isa = PBXGroup;
			children = (
				186C07A627B2450700D2EE8D /* Storyboard */,
				186C07A527B244E700D2EE8D /* Controllers */,
				186C07A427B244D400D2EE8D /* Views */,
				186C07A327B244C900D2EE8D /* Models */,
				186C078F27B23CCF00D2EE8D /* AppDelegate.swift */,
				186C079127B23CCF00D2EE8D /* SceneDelegate.swift */,
				186C079327B23CCF00D2EE8D /* ViewController.swift */,
				186C079827B23CD000D2EE8D /* Assets.xcassets */,
				186C079A27B23CD000D2EE8D /* LaunchScreen.storyboard */,
				186C079D27B23CD000D2EE8D /* Info.plist */,
			);
			path = FoodyCookBook;
			sourceTree = "<group>";
		};
		186C07A327B244C900D2EE8D /* Models */ = {
			isa = PBXGroup;
			children = (
				186C07A727B2453D00D2EE8D /* Food.swift */,
			);
			path = Models;
			sourceTree = "<group>";
		};
		186C07A427B244D400D2EE8D /* Views */ = {
			isa = PBXGroup;
			children = (
				186C07B227B2652500D2EE8D /* SuperView.swift */,
				186C07A927B2639500D2EE8D /* FoodContentView.xib */,
				186C07B027B2650700D2EE8D /* FoodContentView.swift */,
			);
			path = Views;
			sourceTree = "<group>";
		};
		186C07A527B244E700D2EE8D /* Controllers */ = {
			isa = PBXGroup;
			children = (
			);
			path = Controllers;
			sourceTree = "<group>";
		};
		186C07A627B2450700D2EE8D /* Storyboard */ = {
			isa = PBXGroup;
			children = (
				186C079527B23CCF00D2EE8D /* Main.storyboard */,
			);
			path = Storyboard;
			sourceTree = "<group>";
		};
		BC7920D03594F036ED737AF3 /* Frameworks */ = {
			isa = PBXGroup;
			children = (
				719C2C3C9CAF0DF178D66B08 /* Pods_FoodyCookBook.framework */,
			);
			name = Frameworks;
			sourceTree = "<group>";
		};
/* End PBXGroup section */

/* Begin PBXNativeTarget section */
		186C078B27B23CCF00D2EE8D /* FoodyCookBook */ = {
			isa = PBXNativeTarget;
			buildConfigurationList = 186C07A027B23CD000D2EE8D /* Build configuration list for PBXNativeTarget "FoodyCookBook" */;
			buildPhases = (
				58958E8A05438AFD4E788673 /* [CP] Check Pods Manifest.lock */,
				186C078827B23CCF00D2EE8D /* Sources */,
				186C078927B23CCF00D2EE8D /* Frameworks */,
				186C078A27B23CCF00D2EE8D /* Resources */,
			);
			buildRules = (
			);
			dependencies = (
			);
			name = FoodyCookBook;
			productName = FoodyCookBook;
			productReference = 186C078C27B23CCF00D2EE8D /* FoodyCookBook.app */;
			productType = "com.apple.product-type.application";
		};
/* End PBXNativeTarget section */

/* Begin PBXProject section */
		186C078427B23CCF00D2EE8D /* Project object */ = {
			isa = PBXProject;
			attributes = {
				BuildIndependentTargetsInParallel = 1;
				LastSwiftUpdateCheck = 1300;
				LastUpgradeCheck = 1300;
				TargetAttributes = {
					186C078B27B23CCF00D2EE8D = {
						CreatedOnToolsVersion = 13.0;
					};
				};
			};
			buildConfigurationList = 186C078727B23CCF00D2EE8D /* Build configuration list for PBXProject "FoodyCookBook" */;
			compatibilityVersion = "Xcode 13.0";
			developmentRegion = en;
			hasScannedForEncodings = 0;
			knownRegions = (
				en,
				Base,
			);
			mainGroup = 186C078327B23CCE00D2EE8D;
			productRefGroup = 186C078D27B23CCF00D2EE8D /* Products */;
			projectDirPath = "";
			projectRoot = "";
			targets = (
				186C078B27B23CCF00D2EE8D /* FoodyCookBook */,
			);
		};
/* End PBXProject section */

/* Begin PBXResourcesBuildPhase section */
		186C078A27B23CCF00D2EE8D /* Resources */ = {
			isa = PBXResourcesBuildPhase;
			buildActionMask = 2147483647;
			files = (
				186C079C27B23CD000D2EE8D /* LaunchScreen.storyboard in Resources */,
				186C079927B23CD000D2EE8D /* Assets.xcassets in Resources */,
				186C07AA27B2639500D2EE8D /* FoodContentView.xib in Resources */,
				186C079727B23CCF00D2EE8D /* Main.storyboard in Resources */,
			);
			runOnlyForDeploymentPostprocessing = 0;
		};
/* End PBXResourcesBuildPhase section */

/* Begin PBXShellScriptBuildPhase section */
		58958E8A05438AFD4E788673 /* [CP] Check Pods Manifest.lock */ = {
			isa = PBXShellScriptBuildPhase;
			buildActionMask = 2147483647;
			files = (
			);
			inputFileListPaths = (
			);
			inputPaths = (
				"${PODS_PODFILE_DIR_PATH}/Podfile.lock",
				"${PODS_ROOT}/Manifest.lock",
			);
			name = "[CP] Check Pods Manifest.lock";
			outputFileListPaths = (
			);
			outputPaths = (
				"$(DERIVED_FILE_DIR)/Pods-FoodyCookBook-checkManifestLockResult.txt",
			);
			runOnlyForDeploymentPostprocessing = 0;
			shellPath = /bin/sh;
			shellScript = "diff \"${PODS_PODFILE_DIR_PATH}/Podfile.lock\" \"${PODS_ROOT}/Manifest.lock\" > /dev/null\nif [ $? != 0 ] ; then\n    # print error to STDERR\n    echo \"error: The sandbox is not in sync with the Podfile.lock. Run 'pod install' or update your CocoaPods installation.\" >&2\n    exit 1\nfi\n# This output is used by Xcode 'outputs' to avoid re-running this script phase.\necho \"SUCCESS\" > \"${SCRIPT_OUTPUT_FILE_0}\"\n";
			showEnvVarsInLog = 0;
		};
/* End PBXShellScriptBuildPhase section */

/* Begin PBXSourcesBuildPhase section */
		186C078827B23CCF00D2EE8D /* Sources */ = {
			isa = PBXSourcesBuildPhase;
			buildActionMask = 2147483647;
			files = (
				186C079427B23CCF00D2EE8D /* ViewController.swift in Sources */,
				186C07A827B2453D00D2EE8D /* Food.swift in Sources */,
				186C07B327B2652500D2EE8D /* SuperView.swift in Sources */,
				186C07B127B2650700D2EE8D /* FoodContentView.swift in Sources */,
				186C079027B23CCF00D2EE8D /* AppDelegate.swift in Sources */,
				186C079227B23CCF00D2EE8D /* SceneDelegate.swift in Sources */,
			);
			runOnlyForDeploymentPostprocessing = 0;
		};
/* End PBXSourcesBuildPhase section */

/* Begin PBXVariantGroup section */
		186C079527B23CCF00D2EE8D /* Main.storyboard */ = {
			isa = PBXVariantGroup;
			children = (
				186C079627B23CCF00D2EE8D /* Base */,
			);
			name = Main.storyboard;
			sourceTree = "<group>";
		};
		186C079A27B23CD000D2EE8D /* LaunchScreen.storyboard */ = {
			isa = PBXVariantGroup;
			children = (
				186C079B27B23CD000D2EE8D /* Base */,
			);
			name = LaunchScreen.storyboard;
			sourceTree = "<group>";
		};
/* End PBXVariantGroup section */

/* Begin XCBuildConfiguration section */
		186C079E27B23CD000D2EE8D /* Debug */ = {
			isa = XCBuildConfiguration;
			buildSettings = {
				ALWAYS_SEARCH_USER_PATHS = NO;
				CLANG_ANALYZER_NONNULL = YES;
				CLANG_ANALYZER_NUMBER_OBJECT_CONVERSION = YES_AGGRESSIVE;
				CLANG_CXX_LANGUAGE_STANDARD = "gnu++17";
				CLANG_CXX_LIBRARY = "libc++";
				CLANG_ENABLE_MODULES = YES;
				CLANG_ENABLE_OBJC_ARC = YES;
				CLANG_ENABLE_OBJC_WEAK = YES;
				CLANG_WARN_BLOCK_CAPTURE_AUTORELEASING = YES;
				CLANG_WARN_BOOL_CONVERSION = YES;
				CLANG_WARN_COMMA = YES;
				CLANG_WARN_CONSTANT_CONVERSION = YES;
				CLANG_WARN_DEPRECATED_OBJC_IMPLEMENTATIONS = YES;
				CLANG_WARN_DIRECT_OBJC_ISA_USAGE = YES_ERROR;
				CLANG_WARN_DOCUMENTATION_COMMENTS = YES;
				CLANG_WARN_EMPTY_BODY = YES;
				CLANG_WARN_ENUM_CONVERSION = YES;
				CLANG_WARN_INFINITE_RECURSION = YES;
				CLANG_WARN_INT_CONVERSION = YES;
				CLANG_WARN_NON_LITERAL_NULL_CONVERSION = YES;
				CLANG_WARN_OBJC_IMPLICIT_RETAIN_SELF = YES;
				CLANG_WARN_OBJC_LITERAL_CONVERSION = YES;
				CLANG_WARN_OBJC_ROOT_CLASS = YES_ERROR;
				CLANG_WARN_QUOTED_INCLUDE_IN_FRAMEWORK_HEADER = YES;
				CLANG_WARN_RANGE_LOOP_ANALYSIS = YES;
				CLANG_WARN_STRICT_PROTOTYPES = YES;
				CLANG_WARN_SUSPICIOUS_MOVE = YES;
				CLANG_WARN_UNGUARDED_AVAILABILITY = YES_AGGRESSIVE;
				CLANG_WARN_UNREACHABLE_CODE = YES;
				CLANG_WARN__DUPLICATE_METHOD_MATCH = YES;
				COPY_PHASE_STRIP = NO;
				DEBUG_INFORMATION_FORMAT = dwarf;
				ENABLE_STRICT_OBJC_MSGSEND = YES;
				ENABLE_TESTABILITY = YES;
				GCC_C_LANGUAGE_STANDARD = gnu11;
				GCC_DYNAMIC_NO_PIC = NO;
				GCC_NO_COMMON_BLOCKS = YES;
				GCC_OPTIMIZATION_LEVEL = 0;
				GCC_PREPROCESSOR_DEFINITIONS = (
					"DEBUG=1",
					"$(inherited)",
				);
				GCC_WARN_64_TO_32_BIT_CONVERSION = YES;
				GCC_WARN_ABOUT_RETURN_TYPE = YES_ERROR;
				GCC_WARN_UNDECLARED_SELECTOR = YES;
				GCC_WARN_UNINITIALIZED_AUTOS = YES_AGGRESSIVE;
				GCC_WARN_UNUSED_FUNCTION = YES;
				GCC_WARN_UNUSED_VARIABLE = YES;
				IPHONEOS_DEPLOYMENT_TARGET = 15.0;
				MTL_ENABLE_DEBUG_INFO = INCLUDE_SOURCE;
				MTL_FAST_MATH = YES;
				ONLY_ACTIVE_ARCH = YES;
				SDKROOT = iphoneos;
				SWIFT_ACTIVE_COMPILATION_CONDITIONS = DEBUG;
				SWIFT_OPTIMIZATION_LEVEL = "-Onone";
			};
			name = Debug;
		};
		186C079F27B23CD000D2EE8D /* Release */ = {
			isa = XCBuildConfiguration;
			buildSettings = {
				ALWAYS_SEARCH_USER_PATHS = NO;
				CLANG_ANALYZER_NONNULL = YES;
				CLANG_ANALYZER_NUMBER_OBJECT_CONVERSION = YES_AGGRESSIVE;
				CLANG_CXX_LANGUAGE_STANDARD = "gnu++17";
				CLANG_CXX_LIBRARY = "libc++";
				CLANG_ENABLE_MODULES = YES;
				CLANG_ENABLE_OBJC_ARC = YES;
				CLANG_ENABLE_OBJC_WEAK = YES;
				CLANG_WARN_BLOCK_CAPTURE_AUTORELEASING = YES;
				CLANG_WARN_BOOL_CONVERSION = YES;
				CLANG_WARN_COMMA = YES;
				CLANG_WARN_CONSTANT_CONVERSION = YES;
				CLANG_WARN_DEPRECATED_OBJC_IMPLEMENTATIONS = YES;
				CLANG_WARN_DIRECT_OBJC_ISA_USAGE = YES_ERROR;
				CLANG_WARN_DOCUMENTATION_COMMENTS = YES;
				CLANG_WARN_EMPTY_BODY = YES;
				CLANG_WARN_ENUM_CONVERSION = YES;
				CLANG_WARN_INFINITE_RECURSION = YES;
				CLANG_WARN_INT_CONVERSION = YES;
				CLANG_WARN_NON_LITERAL_NULL_CONVERSION = YES;
				CLANG_WARN_OBJC_IMPLICIT_RETAIN_SELF = YES;
				CLANG_WARN_OBJC_LITERAL_CONVERSION = YES;
				CLANG_WARN_OBJC_ROOT_CLASS = YES_ERROR;
				CLANG_WARN_QUOTED_INCLUDE_IN_FRAMEWORK_HEADER = YES;
				CLANG_WARN_RANGE_LOOP_ANALYSIS = YES;
				CLANG_WARN_STRICT_PROTOTYPES = YES;
				CLANG_WARN_SUSPICIOUS_MOVE = YES;
				CLANG_WARN_UNGUARDED_AVAILABILITY = YES_AGGRESSIVE;
				CLANG_WARN_UNREACHABLE_CODE = YES;
				CLANG_WARN__DUPLICATE_METHOD_MATCH = YES;
				COPY_PHASE_STRIP = NO;
				DEBUG_INFORMATION_FORMAT = "dwarf-with-dsym";
				ENABLE_NS_ASSERTIONS = NO;
				ENABLE_STRICT_OBJC_MSGSEND = YES;
				GCC_C_LANGUAGE_STANDARD = gnu11;
				GCC_NO_COMMON_BLOCKS = YES;
				GCC_WARN_64_TO_32_BIT_CONVERSION = YES;
				GCC_WARN_ABOUT_RETURN_TYPE = YES_ERROR;
				GCC_WARN_UNDECLARED_SELECTOR = YES;
				GCC_WARN_UNINITIALIZED_AUTOS = YES_AGGRESSIVE;
				GCC_WARN_UNUSED_FUNCTION = YES;
				GCC_WARN_UNUSED_VARIABLE = YES;
				IPHONEOS_DEPLOYMENT_TARGET = 15.0;
				MTL_ENABLE_DEBUG_INFO = NO;
				MTL_FAST_MATH = YES;
				SDKROOT = iphoneos;
				SWIFT_COMPILATION_MODE = wholemodule;
				SWIFT_OPTIMIZATION_LEVEL = "-O";
				VALIDATE_PRODUCT = YES;
			};
			name = Release;
		};
		186C07A127B23CD000D2EE8D /* Debug */ = {
			isa = XCBuildConfiguration;
			baseConfigurationReference = 836721C60BF6679ED57E643D /* Pods-FoodyCookBook.debug.xcconfig */;
			buildSettings = {
				ASSETCATALOG_COMPILER_APPICON_NAME = AppIcon;
				ASSETCATALOG_COMPILER_GLOBAL_ACCENT_COLOR_NAME = AccentColor;
				CODE_SIGN_STYLE = Automatic;
				CURRENT_PROJECT_VERSION = 1;
				GENERATE_INFOPLIST_FILE = YES;
				INFOPLIST_FILE = FoodyCookBook/Info.plist;
				INFOPLIST_KEY_UIApplicationSupportsIndirectInputEvents = YES;
				INFOPLIST_KEY_UILaunchStoryboardName = LaunchScreen;
				INFOPLIST_KEY_UIMainStoryboardFile = Main;
				INFOPLIST_KEY_UISupportedInterfaceOrientations_iPad = "UIInterfaceOrientationPortrait UIInterfaceOrientationPortraitUpsideDown UIInterfaceOrientationLandscapeLeft UIInterfaceOrientationLandscapeRight";
				INFOPLIST_KEY_UISupportedInterfaceOrientations_iPhone = "UIInterfaceOrientationPortrait UIInterfaceOrientationLandscapeLeft UIInterfaceOrientationLandscapeRight";
				LD_RUNPATH_SEARCH_PATHS = (
					"$(inherited)",
					"@executable_path/Frameworks",
				);
				MARKETING_VERSION = 1.0;
				PRODUCT_BUNDLE_IDENTIFIER = neeraja.ios.FoodyCookBook;
				PRODUCT_NAME = "$(TARGET_NAME)";
				SWIFT_EMIT_LOC_STRINGS = YES;
				SWIFT_VERSION = 5.0;
				TARGETED_DEVICE_FAMILY = "1,2";
			};
			name = Debug;
		};
		186C07A227B23CD000D2EE8D /* Release */ = {
			isa = XCBuildConfiguration;
			baseConfigurationReference = B118F46134714969FB121416 /* Pods-FoodyCookBook.release.xcconfig */;
			buildSettings = {
				ASSETCATALOG_COMPILER_APPICON_NAME = AppIcon;
				ASSETCATALOG_COMPILER_GLOBAL_ACCENT_COLOR_NAME = AccentColor;
				CODE_SIGN_STYLE = Automatic;
				CURRENT_PROJECT_VERSION = 1;
				GENERATE_INFOPLIST_FILE = YES;
				INFOPLIST_FILE = FoodyCookBook/Info.plist;
				INFOPLIST_KEY_UIApplicationSupportsIndirectInputEvents = YES;
				INFOPLIST_KEY_UILaunchStoryboardName = LaunchScreen;
				INFOPLIST_KEY_UIMainStoryboardFile = Main;
				INFOPLIST_KEY_UISupportedInterfaceOrientations_iPad = "UIInterfaceOrientationPortrait UIInterfaceOrientationPortraitUpsideDown UIInterfaceOrientationLandscapeLeft UIInterfaceOrientationLandscapeRight";
				INFOPLIST_KEY_UISupportedInterfaceOrientations_iPhone = "UIInterfaceOrientationPortrait UIInterfaceOrientationLandscapeLeft UIInterfaceOrientationLandscapeRight";
				LD_RUNPATH_SEARCH_PATHS = (
					"$(inherited)",
					"@executable_path/Frameworks",
				);
				MARKETING_VERSION = 1.0;
				PRODUCT_BUNDLE_IDENTIFIER = neeraja.ios.FoodyCookBook;
				PRODUCT_NAME = "$(TARGET_NAME)";
				SWIFT_EMIT_LOC_STRINGS = YES;
				SWIFT_VERSION = 5.0;
				TARGETED_DEVICE_FAMILY = "1,2";
			};
			name = Release;
		};
/* End XCBuildConfiguration section */

/* Begin XCConfigurationList section */
		186C078727B23CCF00D2EE8D /* Build configuration list for PBXProject "FoodyCookBook" */ = {
			isa = XCConfigurationList;
			buildConfigurations = (
				186C079E27B23CD000D2EE8D /* Debug */,
				186C079F27B23CD000D2EE8D /* Release */,
			);
			defaultConfigurationIsVisible = 0;
			defaultConfigurationName = Release;
		};
		186C07A027B23CD000D2EE8D /* Build configuration list for PBXNativeTarget "FoodyCookBook" */ = {
			isa = XCConfigurationList;
			buildConfigurations = (
				186C07A127B23CD000D2EE8D /* Debug */,
				186C07A227B23CD000D2EE8D /* Release */,
			);
			defaultConfigurationIsVisible = 0;
			defaultConfigurationName = Release;
		};
/* End XCConfigurationList section */
	};
	rootObject = 186C078427B23CCF00D2EE8D /* Project object */;
}
